
Microsoft Visual Studio Solution File, Format Version 12.00
# Visual Studio 14
VisualStudioVersion = 14.0.25420.1
MinimumVisualStudioVersion = 10.0.40219.1
Project("{2150E333-8FDC-42A3-9474-1A3956D46DE8}") = "Source", "Source", "{943A64AE-EE85-43A4-A6C8-BD8B4DCCFBB6}"
EndProject
Project("{2150E333-8FDC-42A3-9474-1A3956D46DE8}") = "Documents", "Documents", "{B2F32EE8-47ED-494B-9C73-94A6621A1152}"
	ProjectSection(SolutionItems) = preProject
		StatusCodes.txt = StatusCodes.txt
	EndProjectSection
EndProject
Project("{FAE04EC0-301F-11D3-BF4B-00C04F79EFBC}") = "SharpOpen.Net", "SharpOpen.Net\SharpOpen.Net.csproj", "{22EE396B-C5DC-49A8-ADC6-CFD757CAB1D4}"
EndProject
Project("{FAE04EC0-301F-11D3-BF4B-00C04F79EFBC}") = "SharpOpen.Net.TcpSoftRouter", "SharpOpen.Net.TcpSoftRouter\SharpOpen.Net.TcpSoftRouter.csproj", "{A44093BF-ED90-4977-B4D9-808BD52E887A}"
EndProject
Global
	GlobalSection(SolutionConfigurationPlatforms) = preSolution
		Debug|Any CPU = Debug|Any CPU
		Release|Any CPU = Release|Any CPU
	EndGlobalSection
	GlobalSection(ProjectConfigurationPlatforms) = postSolution
		{22EE396B-C5DC-49A8-ADC6-CFD757CAB1D4}.Debug|Any CPU.ActiveCfg = Debug|Any CPU
		{22EE396B-C5DC-49A8-ADC6-CFD757CAB1D4}.Debug|Any CPU.Build.0 = Debug|Any CPU
		{22EE396B-C5DC-49A8-ADC6-CFD757CAB1D4}.Release|Any CPU.ActiveCfg = Release|Any CPU
		{22EE396B-C5DC-49A8-ADC6-CFD757CAB1D4}.Release|Any CPU.Build.0 = Release|Any CPU
		{A44093BF-ED90-4977-B4D9-808BD52E887A}.Debug|Any CPU.ActiveCfg = Debug|Any CPU
		{A44093BF-ED90-4977-B4D9-808BD52E887A}.Debug|Any CPU.Build.0 = Debug|Any CPU
		{A44093BF-ED90-4977-B4D9-808BD52E887A}.Release|Any CPU.ActiveCfg = Release|Any CPU
		{A44093BF-ED90-4977-B4D9-808BD52E887A}.Release|Any CPU.Build.0 = Release|Any CPU
	EndGlobalSection
	GlobalSection(SolutionProperties) = preSolution
		HideSolutionNode = FALSE
	EndGlobalSection
	GlobalSection(NestedProjects) = preSolution
		{22EE396B-C5DC-49A8-ADC6-CFD757CAB1D4} = {943A64AE-EE85-43A4-A6C8-BD8B4DCCFBB6}
		{A44093BF-ED90-4977-B4D9-808BD52E887A} = {943A64AE-EE85-43A4-A6C8-BD8B4DCCFBB6}
	EndGlobalSection
EndGlobal
